// !$*UTF8*$!
{
	archiveVersion = 1;
	classes = {
	};
	objectVersion = 55;
	objects = {

/* Begin PBXBuildFile section */
		15C16016285598DA002BA1F8 /* TouchLocatingView.swift in Sources */ = {isa = PBXBuildFile; fileRef = 15C16015285598DA002BA1F8 /* TouchLocatingView.swift */; };
		26205FE6285445D500ED79C8 /* HiddenObject.swift in Sources */ = {isa = PBXBuildFile; fileRef = 7E3635ED28542BAB00EB2CAA /* HiddenObject.swift */; };
		26205FE7285445D500ED79C8 /* HiddenObjectData.swift in Sources */ = {isa = PBXBuildFile; fileRef = 7E3635EF28542DC300EB2CAA /* HiddenObjectData.swift */; };
		26205FEC285445D500ED79C8 /* Color+Extension.swift in Sources */ = {isa = PBXBuildFile; fileRef = 26205FE32854440E00ED79C8 /* Color+Extension.swift */; };
		26205FED285445D500ED79C8 /* ContinueButton.swift in Sources */ = {isa = PBXBuildFile; fileRef = 26205FD52854432300ED79C8 /* ContinueButton.swift */; };
		26205FEE285445D500ED79C8 /* ReplayButton.swift in Sources */ = {isa = PBXBuildFile; fileRef = 26205FDB2854438800ED79C8 /* ReplayButton.swift */; };
		26205FEF285445D500ED79C8 /* ExitButton.swift in Sources */ = {isa = PBXBuildFile; fileRef = 26205FD72854435D00ED79C8 /* ExitButton.swift */; };
		26205FF0285445D500ED79C8 /* StoryPopup.swift in Sources */ = {isa = PBXBuildFile; fileRef = 26205FDD285443A100ED79C8 /* StoryPopup.swift */; };
		26205FF1285445D500ED79C8 /* PauseButtonStyle.swift in Sources */ = {isa = PBXBuildFile; fileRef = 26205FDF285443C700ED79C8 /* PauseButtonStyle.swift */; };
		26205FF2285445D500ED79C8 /* PauseEncounter.swift in Sources */ = {isa = PBXBuildFile; fileRef = 26205FE1285443E000ED79C8 /* PauseEncounter.swift */; };
		26205FFE285445D500ED79C8 /* ObjectsToFindView.swift in Sources */ = {isa = PBXBuildFile; fileRef = 7E3635EB2853764E00EB2CAA /* ObjectsToFindView.swift */; };
		26205FFF285445D500ED79C8 /* ObjectsHiddenView.swift in Sources */ = {isa = PBXBuildFile; fileRef = 7E3635F12854349200EB2CAA /* ObjectsHiddenView.swift */; };
		26206000285445D500ED79C8 /* HiddenObjGameView.swift in Sources */ = {isa = PBXBuildFile; fileRef = 7E3635E9285361DA00EB2CAA /* HiddenObjGameView.swift */; };
		2620601128549ADB00ED79C8 /* StoryView.swift in Sources */ = {isa = PBXBuildFile; fileRef = 2620601028549ADB00ED79C8 /* StoryView.swift */; };
		2620601328549E0C00ED79C8 /* ChapterOneStoryView.swift in Sources */ = {isa = PBXBuildFile; fileRef = 2620601228549E0C00ED79C8 /* ChapterOneStoryView.swift */; };
		2620601528549E5200ED79C8 /* StoryDataModel.swift in Sources */ = {isa = PBXBuildFile; fileRef = 2620601428549E5200ED79C8 /* StoryDataModel.swift */; };
		262060172855056F00ED79C8 /* ChapterTwoStoryView.swift in Sources */ = {isa = PBXBuildFile; fileRef = 262060162855056F00ED79C8 /* ChapterTwoStoryView.swift */; };
		262060192855088200ED79C8 /* ChapterThreeStoryView.swift in Sources */ = {isa = PBXBuildFile; fileRef = 262060182855088200ED79C8 /* ChapterThreeStoryView.swift */; };
		2620601E28559E8000ED79C8 /* IntroView.swift in Sources */ = {isa = PBXBuildFile; fileRef = 2620601D28559E8000ED79C8 /* IntroView.swift */; };
		262060202855A04C00ED79C8 /* IntroOneView.swift in Sources */ = {isa = PBXBuildFile; fileRef = 2620601F2855A04C00ED79C8 /* IntroOneView.swift */; };
		262060222855BDBA00ED79C8 /* IntroTwoView.swift in Sources */ = {isa = PBXBuildFile; fileRef = 262060212855BDBA00ED79C8 /* IntroTwoView.swift */; };
		262060242855BDC500ED79C8 /* IntroThreeView.swift in Sources */ = {isa = PBXBuildFile; fileRef = 262060232855BDC500ED79C8 /* IntroThreeView.swift */; };
		262060262855BDCC00ED79C8 /* IntroFourView.swift in Sources */ = {isa = PBXBuildFile; fileRef = 262060252855BDCC00ED79C8 /* IntroFourView.swift */; };
		5959E5F228549EAA00F39D9F /* EpilogueThree.swift in Sources */ = {isa = PBXBuildFile; fileRef = 5959E5F128549EAA00F39D9F /* EpilogueThree.swift */; };
		7E4405362855C572009DF58B /* ObjectsToFindEachView.swift in Sources */ = {isa = PBXBuildFile; fileRef = 7E4405352855C572009DF58B /* ObjectsToFindEachView.swift */; };
		7E4405382855E048009DF58B /* TrashView.swift in Sources */ = {isa = PBXBuildFile; fileRef = 7E4405372855E048009DF58B /* TrashView.swift */; };
		AE75CF382856D1840052CD3E /* View+isHidden.swift in Sources */ = {isa = PBXBuildFile; fileRef = AE75CF372856D1840052CD3E /* View+isHidden.swift */; };
		AE75CF3A2856D20D0052CD3E /* ImageLiteral.swift in Sources */ = {isa = PBXBuildFile; fileRef = AE75CF392856D20D0052CD3E /* ImageLiteral.swift */; };
		AE893CDE285839FC00EE00B3 /* ChapterPopUpView.swift in Sources */ = {isa = PBXBuildFile; fileRef = AE893CDD285839FC00EE00B3 /* ChapterPopUpView.swift */; };
		AE893CE028583A2E00EE00B3 /* Chapter.swift in Sources */ = {isa = PBXBuildFile; fileRef = AE893CDF28583A2E00EE00B3 /* Chapter.swift */; };
		AE893CE228583A8300EE00B3 /* ChapterProgress.swift in Sources */ = {isa = PBXBuildFile; fileRef = AE893CE128583A8300EE00B3 /* ChapterProgress.swift */; };
		AE893CE52858A0E500EE00B3 /* File25 in Resources */ = {isa = PBXBuildFile; fileRef = AE893CE42858A0E500EE00B3 /* File25 */; };
		AE9A45242852288800683CCF /* EcoTalesApp.swift in Sources */ = {isa = PBXBuildFile; fileRef = AE9A45232852288800683CCF /* EcoTalesApp.swift */; };
		AE9A45262852288800683CCF /* LaunchScreenView.swift in Sources */ = {isa = PBXBuildFile; fileRef = AE9A45252852288800683CCF /* LaunchScreenView.swift */; };
		AE9A45282852288900683CCF /* Assets.xcassets in Resources */ = {isa = PBXBuildFile; fileRef = AE9A45272852288900683CCF /* Assets.xcassets */; };
		AE9A452B2852288900683CCF /* Preview Assets.xcassets in Resources */ = {isa = PBXBuildFile; fileRef = AE9A452A2852288900683CCF /* Preview Assets.xcassets */; };
		AE9A453328522A3100683CCF /* .swiftlint.yml in Resources */ = {isa = PBXBuildFile; fileRef = AE9A453228522A3100683CCF /* .swiftlint.yml */; };
		AE9A45372853307600683CCF /* MapView.swift in Sources */ = {isa = PBXBuildFile; fileRef = AE9A45362853307600683CCF /* MapView.swift */; };
		F857443F28531A820012346A /* File1 in Resources */ = {isa = PBXBuildFile; fileRef = F857443E28531A820012346A /* File1 */; };
		F857444928531B000012346A /* File2 in Resources */ = {isa = PBXBuildFile; fileRef = F857444828531B000012346A /* File2 */; };
		F857445F28531C1A0012346A /* File7 in Resources */ = {isa = PBXBuildFile; fileRef = F857445E28531C1A0012346A /* File7 */; };
		F857446128531C240012346A /* File8 in Resources */ = {isa = PBXBuildFile; fileRef = F857446028531C240012346A /* File8 */; };
		F857446F28531C9D0012346A /* File9 in Resources */ = {isa = PBXBuildFile; fileRef = F857446E28531C9D0012346A /* File9 */; };
		F857447328531CB20012346A /* File11 in Resources */ = {isa = PBXBuildFile; fileRef = F857447228531CB20012346A /* File11 */; };
		F857447628531CC30012346A /* File12 in Resources */ = {isa = PBXBuildFile; fileRef = F857447528531CC30012346A /* File12 */; };
		F857447828531CCA0012346A /* File13 in Resources */ = {isa = PBXBuildFile; fileRef = F857447728531CCA0012346A /* File13 */; };
		F857447A28531CD50012346A /* File14 in Resources */ = {isa = PBXBuildFile; fileRef = F857447928531CD50012346A /* File14 */; };
		F857447C28531CE20012346A /* File15 in Resources */ = {isa = PBXBuildFile; fileRef = F857447B28531CE20012346A /* File15 */; };
		F857447E28531CEE0012346A /* File16 in Resources */ = {isa = PBXBuildFile; fileRef = F857447D28531CEE0012346A /* File16 */; };
		F857449128549BFB0012346A /* MapPopup.swift in Sources */ = {isa = PBXBuildFile; fileRef = F857449028549BFB0012346A /* MapPopup.swift */; };
		F85744932854A9BB0012346A /* YesButton.swift in Sources */ = {isa = PBXBuildFile; fileRef = F85744922854A9BB0012346A /* YesButton.swift */; };
		F85744952854A9EC0012346A /* NoButton.swift in Sources */ = {isa = PBXBuildFile; fileRef = F85744942854A9EC0012346A /* NoButton.swift */; };
		F8EB5D72285720190058C1D0 /* SeoulHangangM.ttf in Resources */ = {isa = PBXBuildFile; fileRef = F8EB5D71285720190058C1D0 /* SeoulHangangM.ttf */; };
		F8EB5D7D285723460058C1D0 /* Kyobo Handwriting 2019.otf in Resources */ = {isa = PBXBuildFile; fileRef = F8EB5D74285723460058C1D0 /* Kyobo Handwriting 2019.otf */; };
		F8EB5D7F285723460058C1D0 /* SeoulHangangL.ttf in Resources */ = {isa = PBXBuildFile; fileRef = F8EB5D76285723460058C1D0 /* SeoulHangangL.ttf */; };
		F8EB5D80285723460058C1D0 /* SeoulHangangEB.ttf in Resources */ = {isa = PBXBuildFile; fileRef = F8EB5D77285723460058C1D0 /* SeoulHangangEB.ttf */; };
		F8EB5D81285723460058C1D0 /* SeoulHangangB.ttf in Resources */ = {isa = PBXBuildFile; fileRef = F8EB5D78285723460058C1D0 /* SeoulHangangB.ttf */; };
/* End PBXBuildFile section */

/* Begin PBXFileReference section */
		15C16015285598DA002BA1F8 /* TouchLocatingView.swift */ = {isa = PBXFileReference; lastKnownFileType = sourcecode.swift; path = TouchLocatingView.swift; sourceTree = "<group>"; };
		26205FD52854432300ED79C8 /* ContinueButton.swift */ = {isa = PBXFileReference; lastKnownFileType = sourcecode.swift; path = ContinueButton.swift; sourceTree = "<group>"; };
		26205FD72854435D00ED79C8 /* ExitButton.swift */ = {isa = PBXFileReference; lastKnownFileType = sourcecode.swift; path = ExitButton.swift; sourceTree = "<group>"; };
		26205FDB2854438800ED79C8 /* ReplayButton.swift */ = {isa = PBXFileReference; lastKnownFileType = sourcecode.swift; path = ReplayButton.swift; sourceTree = "<group>"; };
		26205FDD285443A100ED79C8 /* StoryPopup.swift */ = {isa = PBXFileReference; lastKnownFileType = sourcecode.swift; path = StoryPopup.swift; sourceTree = "<group>"; };
		26205FDF285443C700ED79C8 /* PauseButtonStyle.swift */ = {isa = PBXFileReference; lastKnownFileType = sourcecode.swift; path = PauseButtonStyle.swift; sourceTree = "<group>"; };
		26205FE1285443E000ED79C8 /* PauseEncounter.swift */ = {isa = PBXFileReference; lastKnownFileType = sourcecode.swift; path = PauseEncounter.swift; sourceTree = "<group>"; };
		26205FE32854440E00ED79C8 /* Color+Extension.swift */ = {isa = PBXFileReference; lastKnownFileType = sourcecode.swift; path = "Color+Extension.swift"; sourceTree = "<group>"; };
		2620601028549ADB00ED79C8 /* StoryView.swift */ = {isa = PBXFileReference; lastKnownFileType = sourcecode.swift; path = StoryView.swift; sourceTree = "<group>"; };
		2620601228549E0C00ED79C8 /* ChapterOneStoryView.swift */ = {isa = PBXFileReference; lastKnownFileType = sourcecode.swift; name = ChapterOneStoryView.swift; path = EcoTales/Global/UIComponent/ChapterOneStoryView.swift; sourceTree = SOURCE_ROOT; };
		2620601428549E5200ED79C8 /* StoryDataModel.swift */ = {isa = PBXFileReference; lastKnownFileType = sourcecode.swift; path = StoryDataModel.swift; sourceTree = "<group>"; };
		262060162855056F00ED79C8 /* ChapterTwoStoryView.swift */ = {isa = PBXFileReference; lastKnownFileType = sourcecode.swift; path = ChapterTwoStoryView.swift; sourceTree = "<group>"; };
		262060182855088200ED79C8 /* ChapterThreeStoryView.swift */ = {isa = PBXFileReference; lastKnownFileType = sourcecode.swift; path = ChapterThreeStoryView.swift; sourceTree = "<group>"; };
		2620601D28559E8000ED79C8 /* IntroView.swift */ = {isa = PBXFileReference; lastKnownFileType = sourcecode.swift; path = IntroView.swift; sourceTree = "<group>"; };
		2620601F2855A04C00ED79C8 /* IntroOneView.swift */ = {isa = PBXFileReference; lastKnownFileType = sourcecode.swift; path = IntroOneView.swift; sourceTree = "<group>"; };
		262060212855BDBA00ED79C8 /* IntroTwoView.swift */ = {isa = PBXFileReference; lastKnownFileType = sourcecode.swift; path = IntroTwoView.swift; sourceTree = "<group>"; };
		262060232855BDC500ED79C8 /* IntroThreeView.swift */ = {isa = PBXFileReference; lastKnownFileType = sourcecode.swift; path = IntroThreeView.swift; sourceTree = "<group>"; };
		262060252855BDCC00ED79C8 /* IntroFourView.swift */ = {isa = PBXFileReference; lastKnownFileType = sourcecode.swift; path = IntroFourView.swift; sourceTree = "<group>"; };
		5959E5F128549EAA00F39D9F /* EpilogueThree.swift */ = {isa = PBXFileReference; lastKnownFileType = sourcecode.swift; path = EpilogueThree.swift; sourceTree = "<group>"; };
		7E3635E9285361DA00EB2CAA /* HiddenObjGameView.swift */ = {isa = PBXFileReference; lastKnownFileType = sourcecode.swift; path = HiddenObjGameView.swift; sourceTree = "<group>"; };
		7E3635EB2853764E00EB2CAA /* ObjectsToFindView.swift */ = {isa = PBXFileReference; lastKnownFileType = sourcecode.swift; path = ObjectsToFindView.swift; sourceTree = "<group>"; };
		7E3635ED28542BAB00EB2CAA /* HiddenObject.swift */ = {isa = PBXFileReference; lastKnownFileType = sourcecode.swift; path = HiddenObject.swift; sourceTree = "<group>"; };
		7E3635EF28542DC300EB2CAA /* HiddenObjectData.swift */ = {isa = PBXFileReference; lastKnownFileType = sourcecode.swift; path = HiddenObjectData.swift; sourceTree = "<group>"; };
		7E3635F12854349200EB2CAA /* ObjectsHiddenView.swift */ = {isa = PBXFileReference; lastKnownFileType = sourcecode.swift; path = ObjectsHiddenView.swift; sourceTree = "<group>"; };
		7E4405352855C572009DF58B /* ObjectsToFindEachView.swift */ = {isa = PBXFileReference; lastKnownFileType = sourcecode.swift; path = ObjectsToFindEachView.swift; sourceTree = "<group>"; };
		7E4405372855E048009DF58B /* TrashView.swift */ = {isa = PBXFileReference; lastKnownFileType = sourcecode.swift; path = TrashView.swift; sourceTree = "<group>"; };
		AE75CF372856D1840052CD3E /* View+isHidden.swift */ = {isa = PBXFileReference; lastKnownFileType = sourcecode.swift; path = "View+isHidden.swift"; sourceTree = "<group>"; };
		AE75CF392856D20D0052CD3E /* ImageLiteral.swift */ = {isa = PBXFileReference; lastKnownFileType = sourcecode.swift; path = ImageLiteral.swift; sourceTree = "<group>"; };
		AE893CDD285839FC00EE00B3 /* ChapterPopUpView.swift */ = {isa = PBXFileReference; lastKnownFileType = sourcecode.swift; path = ChapterPopUpView.swift; sourceTree = "<group>"; };
		AE893CDF28583A2E00EE00B3 /* Chapter.swift */ = {isa = PBXFileReference; lastKnownFileType = sourcecode.swift; path = Chapter.swift; sourceTree = "<group>"; };
		AE893CE128583A8300EE00B3 /* ChapterProgress.swift */ = {isa = PBXFileReference; lastKnownFileType = sourcecode.swift; path = ChapterProgress.swift; sourceTree = "<group>"; };
		AE893CE42858A0E500EE00B3 /* File25 */ = {isa = PBXFileReference; lastKnownFileType = text; name = File25; path = EcoTales/Screens/LaunchScreen/File25; sourceTree = SOURCE_ROOT; };
		AE9A45202852288800683CCF /* EcoTales.app */ = {isa = PBXFileReference; explicitFileType = wrapper.application; includeInIndex = 0; path = EcoTales.app; sourceTree = BUILT_PRODUCTS_DIR; };
		AE9A45232852288800683CCF /* EcoTalesApp.swift */ = {isa = PBXFileReference; lastKnownFileType = sourcecode.swift; path = EcoTalesApp.swift; sourceTree = "<group>"; };
		AE9A45252852288800683CCF /* LaunchScreenView.swift */ = {isa = PBXFileReference; lastKnownFileType = sourcecode.swift; path = LaunchScreenView.swift; sourceTree = "<group>"; };
		AE9A45272852288900683CCF /* Assets.xcassets */ = {isa = PBXFileReference; lastKnownFileType = folder.assetcatalog; path = Assets.xcassets; sourceTree = "<group>"; };
		AE9A452A2852288900683CCF /* Preview Assets.xcassets */ = {isa = PBXFileReference; lastKnownFileType = folder.assetcatalog; path = "Preview Assets.xcassets"; sourceTree = "<group>"; };
		AE9A453228522A3100683CCF /* .swiftlint.yml */ = {isa = PBXFileReference; lastKnownFileType = text.yaml; path = .swiftlint.yml; sourceTree = "<group>"; };
		AE9A45362853307600683CCF /* MapView.swift */ = {isa = PBXFileReference; lastKnownFileType = sourcecode.swift; path = MapView.swift; sourceTree = "<group>"; };
		F857443E28531A820012346A /* File1 */ = {isa = PBXFileReference; lastKnownFileType = text; path = File1; sourceTree = "<group>"; };
		F857444828531B000012346A /* File2 */ = {isa = PBXFileReference; lastKnownFileType = text; path = File2; sourceTree = "<group>"; };
		F857445E28531C1A0012346A /* File7 */ = {isa = PBXFileReference; lastKnownFileType = text; path = File7; sourceTree = "<group>"; };
		F857446028531C240012346A /* File8 */ = {isa = PBXFileReference; lastKnownFileType = text; path = File8; sourceTree = "<group>"; };
		F857446E28531C9D0012346A /* File9 */ = {isa = PBXFileReference; lastKnownFileType = text; path = File9; sourceTree = "<group>"; };
		F857447228531CB20012346A /* File11 */ = {isa = PBXFileReference; lastKnownFileType = text; path = File11; sourceTree = "<group>"; };
		F857447528531CC30012346A /* File12 */ = {isa = PBXFileReference; lastKnownFileType = text; path = File12; sourceTree = "<group>"; };
		F857447728531CCA0012346A /* File13 */ = {isa = PBXFileReference; lastKnownFileType = text; path = File13; sourceTree = "<group>"; };
		F857447928531CD50012346A /* File14 */ = {isa = PBXFileReference; lastKnownFileType = text; path = File14; sourceTree = "<group>"; };
		F857447B28531CE20012346A /* File15 */ = {isa = PBXFileReference; lastKnownFileType = text; path = File15; sourceTree = "<group>"; };
		F857447D28531CEE0012346A /* File16 */ = {isa = PBXFileReference; lastKnownFileType = text; path = File16; sourceTree = "<group>"; };
		F857449028549BFB0012346A /* MapPopup.swift */ = {isa = PBXFileReference; lastKnownFileType = sourcecode.swift; path = MapPopup.swift; sourceTree = "<group>"; };
		F85744922854A9BB0012346A /* YesButton.swift */ = {isa = PBXFileReference; lastKnownFileType = sourcecode.swift; path = YesButton.swift; sourceTree = "<group>"; };
		F85744942854A9EC0012346A /* NoButton.swift */ = {isa = PBXFileReference; lastKnownFileType = sourcecode.swift; path = NoButton.swift; sourceTree = "<group>"; };
		F8EB5D71285720190058C1D0 /* SeoulHangangM.ttf */ = {isa = PBXFileReference; lastKnownFileType = file; path = SeoulHangangM.ttf; sourceTree = "<group>"; };
		F8EB5D74285723460058C1D0 /* Kyobo Handwriting 2019.otf */ = {isa = PBXFileReference; lastKnownFileType = file; path = "Kyobo Handwriting 2019.otf"; sourceTree = "<group>"; };
		F8EB5D76285723460058C1D0 /* SeoulHangangL.ttf */ = {isa = PBXFileReference; lastKnownFileType = file; path = SeoulHangangL.ttf; sourceTree = "<group>"; };
		F8EB5D77285723460058C1D0 /* SeoulHangangEB.ttf */ = {isa = PBXFileReference; lastKnownFileType = file; path = SeoulHangangEB.ttf; sourceTree = "<group>"; };
		F8EB5D78285723460058C1D0 /* SeoulHangangB.ttf */ = {isa = PBXFileReference; lastKnownFileType = file; path = SeoulHangangB.ttf; sourceTree = "<group>"; };
/* End PBXFileReference section */

/* Begin PBXFrameworksBuildPhase section */
		AE9A451D2852288800683CCF /* Frameworks */ = {
			isa = PBXFrameworksBuildPhase;
			buildActionMask = 2147483647;
			files = (
			);
			runOnlyForDeploymentPostprocessing = 0;
		};
/* End PBXFrameworksBuildPhase section */

/* Begin PBXGroup section */
		15C16014285598C5002BA1F8 /* TouchLocation */ = {
			isa = PBXGroup;
			children = (
				15C16015285598DA002BA1F8 /* TouchLocatingView.swift */,
			);
			path = TouchLocation;
			sourceTree = "<group>";
		};
		59B688902853263F00B0DB71 /* PauseButton */ = {
			isa = PBXGroup;
			children = (
				26205FDF285443C700ED79C8 /* PauseButtonStyle.swift */,
				26205FE1285443E000ED79C8 /* PauseEncounter.swift */,
			);
			path = PauseButton;
			sourceTree = "<group>";
		};
		59B68893285326FD00B0DB71 /* StoryPopup */ = {
			isa = PBXGroup;
			children = (
				26205FD52854432300ED79C8 /* ContinueButton.swift */,
				26205FDB2854438800ED79C8 /* ReplayButton.swift */,
				26205FD72854435D00ED79C8 /* ExitButton.swift */,
				26205FDD285443A100ED79C8 /* StoryPopup.swift */,
			);
			path = StoryPopup;
			sourceTree = "<group>";
		};
		AE9A45172852288800683CCF = {
			isa = PBXGroup;
			children = (
				AE9A453228522A3100683CCF /* .swiftlint.yml */,
				AE9A45222852288800683CCF /* EcoTales */,
				AE9A45212852288800683CCF /* Products */,
			);
			sourceTree = "<group>";
		};
		AE9A45212852288800683CCF /* Products */ = {
			isa = PBXGroup;
			children = (
				AE9A45202852288800683CCF /* EcoTales.app */,
			);
			name = Products;
			sourceTree = "<group>";
		};
		AE9A45222852288800683CCF /* EcoTales */ = {
			isa = PBXGroup;
			children = (
				F857443B28531A200012346A /* Models */,
				F857444128531A9F0012346A /* Global */,
				F857444228531AB60012346A /* Screens */,
				AE9A45292852288900683CCF /* Preview Content */,
			);
			path = EcoTales;
			sourceTree = "<group>";
		};
		AE9A45292852288900683CCF /* Preview Content */ = {
			isa = PBXGroup;
			children = (
				AE9A452A2852288900683CCF /* Preview Assets.xcassets */,
			);
			path = "Preview Content";
			sourceTree = "<group>";
		};
		F857443B28531A200012346A /* Models */ = {
			isa = PBXGroup;
			children = (
				7E3635ED28542BAB00EB2CAA /* HiddenObject.swift */,
				AE893CE128583A8300EE00B3 /* ChapterProgress.swift */,
				7E3635EF28542DC300EB2CAA /* HiddenObjectData.swift */,
				F857443E28531A820012346A /* File1 */,
				2620601428549E5200ED79C8 /* StoryDataModel.swift */,
			);
			path = Models;
			sourceTree = "<group>";
		};
		F857444128531A9F0012346A /* Global */ = {
			isa = PBXGroup;
			children = (
				F857444728531AF30012346A /* Service */,
				F857444628531AEA0012346A /* Literal */,
				F857444528531AE00012346A /* Extension */,
				F857444428531AD30012346A /* UIComponent */,
				F857444328531AC70012346A /* Resource */,
			);
			path = Global;
			sourceTree = "<group>";
		};
		F857444228531AB60012346A /* Screens */ = {
			isa = PBXGroup;
			children = (
				AE9A45232852288800683CCF /* EcoTalesApp.swift */,
				F857445328531B730012346A /* LaunchScreen */,
				F857445428531B7F0012346A /* Intro */,
				F857447F28532C300012346A /* Map */,
				F857445828531BB10012346A /* Chapter1 */,
				F857445728531BA20012346A /* Chapter2 */,
				F857445628531B960012346A /* Chapter3 */,
				F857445528531B8C0012346A /* Epilogue */,
			);
			path = Screens;
			sourceTree = "<group>";
		};
		F857444328531AC70012346A /* Resource */ = {
			isa = PBXGroup;
			children = (
				F857445028531B480012346A /* Font */,
				AE9A45272852288900683CCF /* Assets.xcassets */,
			);
			path = Resource;
			sourceTree = "<group>";
		};
		F857444428531AD30012346A /* UIComponent */ = {
			isa = PBXGroup;
			children = (
				15C16014285598C5002BA1F8 /* TouchLocation */,
				59B68893285326FD00B0DB71 /* StoryPopup */,
				59B688902853263F00B0DB71 /* PauseButton */,
				2620601028549ADB00ED79C8 /* StoryView.swift */,
			);
			path = UIComponent;
			sourceTree = "<group>";
		};
		F857444528531AE00012346A /* Extension */ = {
			isa = PBXGroup;
			children = (
				26205FE32854440E00ED79C8 /* Color+Extension.swift */,
				AE75CF372856D1840052CD3E /* View+isHidden.swift */,
			);
			path = Extension;
			sourceTree = "<group>";
		};
		F857444628531AEA0012346A /* Literal */ = {
			isa = PBXGroup;
			children = (
				AE9A45252852288800683CCF /* LaunchScreenView.swift */,
				AE75CF392856D20D0052CD3E /* ImageLiteral.swift */,
			);
			path = Literal;
			sourceTree = "<group>";
		};
		F857444728531AF30012346A /* Service */ = {
			isa = PBXGroup;
			children = (
				F857444828531B000012346A /* File2 */,
			);
			path = Service;
			sourceTree = "<group>";
		};
		F857445028531B480012346A /* Font */ = {
			isa = PBXGroup;
			children = (
				F8EB5D74285723460058C1D0 /* Kyobo Handwriting 2019.otf */,
				F8EB5D78285723460058C1D0 /* SeoulHangangB.ttf */,
				F8EB5D77285723460058C1D0 /* SeoulHangangEB.ttf */,
				F8EB5D76285723460058C1D0 /* SeoulHangangL.ttf */,
				F8EB5D71285720190058C1D0 /* SeoulHangangM.ttf */,
			);
			path = Font;
			sourceTree = "<group>";
		};
		F857445328531B730012346A /* LaunchScreen */ = {
			isa = PBXGroup;
			children = (
				AE893CE42858A0E500EE00B3 /* File25 */,
			);
			path = LaunchScreen;
			sourceTree = "<group>";
		};
		F857445428531B7F0012346A /* Intro */ = {
			isa = PBXGroup;
			children = (
				F857445B28531BD80012346A /* ViewModels */,
				F857445C28531BE70012346A /* Views */,
			);
			path = Intro;
			sourceTree = "<group>";
		};
		F857445528531B8C0012346A /* Epilogue */ = {
			isa = PBXGroup;
			children = (
				F857446528531C460012346A /* ViewModels */,
				F857446928531C5F0012346A /* Views */,
			);
			path = Epilogue;
			sourceTree = "<group>";
		};
		F857445628531B960012346A /* Chapter3 */ = {
			isa = PBXGroup;
			children = (
				F857446428531C400012346A /* ViewModels */,
				F857446828531C5A0012346A /* Views */,
			);
			path = Chapter3;
			sourceTree = "<group>";
		};
		F857445728531BA20012346A /* Chapter2 */ = {
			isa = PBXGroup;
			children = (
				F857446328531C390012346A /* ViewModels */,
				F857446728531C560012346A /* Views */,
			);
			path = Chapter2;
			sourceTree = "<group>";
		};
		F857445828531BB10012346A /* Chapter1 */ = {
			isa = PBXGroup;
			children = (
				F857446228531C310012346A /* ViewModels */,
				F857446628531C500012346A /* Views */,
			);
			path = Chapter1;
			sourceTree = "<group>";
		};
		F857445B28531BD80012346A /* ViewModels */ = {
			isa = PBXGroup;
			children = (
				F857445E28531C1A0012346A /* File7 */,
			);
			path = ViewModels;
			sourceTree = "<group>";
		};
		F857445C28531BE70012346A /* Views */ = {
			isa = PBXGroup;
			children = (
				F857445D28531BF40012346A /* Component */,
				2620601D28559E8000ED79C8 /* IntroView.swift */,
				262060212855BDBA00ED79C8 /* IntroTwoView.swift */,
				262060232855BDC500ED79C8 /* IntroThreeView.swift */,
				262060252855BDCC00ED79C8 /* IntroFourView.swift */,
				2620601F2855A04C00ED79C8 /* IntroOneView.swift */,
			);
			path = Views;
			sourceTree = "<group>";
		};
		F857445D28531BF40012346A /* Component */ = {
			isa = PBXGroup;
			children = (
				F857446028531C240012346A /* File8 */,
			);
			path = Component;
			sourceTree = "<group>";
		};
		F857446228531C310012346A /* ViewModels */ = {
			isa = PBXGroup;
			children = (
				F857446E28531C9D0012346A /* File9 */,
			);
			path = ViewModels;
			sourceTree = "<group>";
		};
		F857446328531C390012346A /* ViewModels */ = {
			isa = PBXGroup;
			children = (
				F857447228531CB20012346A /* File11 */,
			);
			path = ViewModels;
			sourceTree = "<group>";
		};
		F857446428531C400012346A /* ViewModels */ = {
			isa = PBXGroup;
			children = (
				F857447728531CCA0012346A /* File13 */,
			);
			path = ViewModels;
			sourceTree = "<group>";
		};
		F857446528531C460012346A /* ViewModels */ = {
			isa = PBXGroup;
			children = (
				F857447B28531CE20012346A /* File15 */,
				5959E5F128549EAA00F39D9F /* EpilogueThree.swift */,
			);
			path = ViewModels;
			sourceTree = "<group>";
		};
		F857446628531C500012346A /* Views */ = {
			isa = PBXGroup;
			children = (
				F857446A28531C680012346A /* Component */,
				7E3635E9285361DA00EB2CAA /* HiddenObjGameView.swift */,
				2620601228549E0C00ED79C8 /* ChapterOneStoryView.swift */,
			);
			path = Views;
			sourceTree = "<group>";
		};
		F857446728531C560012346A /* Views */ = {
			isa = PBXGroup;
			children = (
				F857446B28531C710012346A /* Component */,
				262060162855056F00ED79C8 /* ChapterTwoStoryView.swift */,
			);
			path = Views;
			sourceTree = "<group>";
		};
		F857446828531C5A0012346A /* Views */ = {
			isa = PBXGroup;
			children = (
				F857446C28531C880012346A /* Component */,
				262060182855088200ED79C8 /* ChapterThreeStoryView.swift */,
			);
			path = Views;
			sourceTree = "<group>";
		};
		F857446928531C5F0012346A /* Views */ = {
			isa = PBXGroup;
			children = (
				F857446D28531C900012346A /* Component */,
			);
			path = Views;
			sourceTree = "<group>";
		};
		F857446A28531C680012346A /* Component */ = {
			isa = PBXGroup;
			children = (
				7E3635EB2853764E00EB2CAA /* ObjectsToFindView.swift */,
				7E3635F12854349200EB2CAA /* ObjectsHiddenView.swift */,
				7E4405352855C572009DF58B /* ObjectsToFindEachView.swift */,
				7E4405372855E048009DF58B /* TrashView.swift */,
			);
			path = Component;
			sourceTree = "<group>";
		};
		F857446B28531C710012346A /* Component */ = {
			isa = PBXGroup;
			children = (
				F857447528531CC30012346A /* File12 */,
			);
			path = Component;
			sourceTree = "<group>";
		};
		F857446C28531C880012346A /* Component */ = {
			isa = PBXGroup;
			children = (
				F857447928531CD50012346A /* File14 */,
			);
			path = Component;
			sourceTree = "<group>";
		};
		F857446D28531C900012346A /* Component */ = {
			isa = PBXGroup;
			children = (
				F857447D28531CEE0012346A /* File16 */,
			);
			path = Component;
			sourceTree = "<group>";
		};
		F857447F28532C300012346A /* Map */ = {
			isa = PBXGroup;
			children = (
				F857448028532C450012346A /* ViewModels */,
				F857448128532C4E0012346A /* Views */,
			);
			path = Map;
			sourceTree = "<group>";
		};
		F857448028532C450012346A /* ViewModels */ = {
			isa = PBXGroup;
			children = (
				AE893CDF28583A2E00EE00B3 /* Chapter.swift */,
			);
			path = ViewModels;
			sourceTree = "<group>";
		};
		F857448128532C4E0012346A /* Views */ = {
			isa = PBXGroup;
			children = (
				AE9A45362853307600683CCF /* MapView.swift */,
				F857448228532C580012346A /* Component */,
			);
			path = Views;
			sourceTree = "<group>";
		};
		F857448228532C580012346A /* Component */ = {
			isa = PBXGroup;
			children = (
				AE893CDD285839FC00EE00B3 /* ChapterPopUpView.swift */,
				F857448F28549BB70012346A /* MapPopup */,
			);
			path = Component;
			sourceTree = "<group>";
		};
		F857448F28549BB70012346A /* MapPopup */ = {
			isa = PBXGroup;
			children = (
				F857449028549BFB0012346A /* MapPopup.swift */,
				F85744922854A9BB0012346A /* YesButton.swift */,
				F85744942854A9EC0012346A /* NoButton.swift */,
			);
			path = MapPopup;
			sourceTree = "<group>";
		};
/* End PBXGroup section */

/* Begin PBXNativeTarget section */
		AE9A451F2852288800683CCF /* EcoTales */ = {
			isa = PBXNativeTarget;
			buildConfigurationList = AE9A452E2852288900683CCF /* Build configuration list for PBXNativeTarget "EcoTales" */;
			buildPhases = (
				AE9A451D2852288800683CCF /* Frameworks */,
				AE9A451E2852288800683CCF /* Resources */,
				AE9A4531285229F100683CCF /* ShellScript */,
				26205FE5285445B300ED79C8 /* Sources */,
			);
			buildRules = (
			);
			dependencies = (
			);
			name = EcoTales;
			productName = EcoTales;
			productReference = AE9A45202852288800683CCF /* EcoTales.app */;
			productType = "com.apple.product-type.application";
		};
/* End PBXNativeTarget section */

/* Begin PBXProject section */
		AE9A45182852288800683CCF /* Project object */ = {
			isa = PBXProject;
			attributes = {
				BuildIndependentTargetsInParallel = 1;
				LastSwiftUpdateCheck = 1340;
				LastUpgradeCheck = 1340;
				TargetAttributes = {
					AE9A451F2852288800683CCF = {
						CreatedOnToolsVersion = 13.4;
					};
				};
			};
			buildConfigurationList = AE9A451B2852288800683CCF /* Build configuration list for PBXProject "EcoTales" */;
			compatibilityVersion = "Xcode 13.0";
			developmentRegion = en;
			hasScannedForEncodings = 0;
			knownRegions = (
				en,
				Base,
			);
			mainGroup = AE9A45172852288800683CCF;
			productRefGroup = AE9A45212852288800683CCF /* Products */;
			projectDirPath = "";
			projectRoot = "";
			targets = (
				AE9A451F2852288800683CCF /* EcoTales */,
			);
		};
/* End PBXProject section */

/* Begin PBXResourcesBuildPhase section */
		AE9A451E2852288800683CCF /* Resources */ = {
			isa = PBXResourcesBuildPhase;
			buildActionMask = 2147483647;
			files = (
				F857447C28531CE20012346A /* File15 in Resources */,
				F8EB5D80285723460058C1D0 /* SeoulHangangEB.ttf in Resources */,
				F857447828531CCA0012346A /* File13 in Resources */,
				F857443F28531A820012346A /* File1 in Resources */,
				AE9A453328522A3100683CCF /* .swiftlint.yml in Resources */,
				AE893CE52858A0E500EE00B3 /* File25 in Resources */,
				F857447E28531CEE0012346A /* File16 in Resources */,
				F857447628531CC30012346A /* File12 in Resources */,
				F857446F28531C9D0012346A /* File9 in Resources */,
				F857447A28531CD50012346A /* File14 in Resources */,
				F8EB5D7F285723460058C1D0 /* SeoulHangangL.ttf in Resources */,
				F8EB5D81285723460058C1D0 /* SeoulHangangB.ttf in Resources */,
				F857445F28531C1A0012346A /* File7 in Resources */,
				AE9A452B2852288900683CCF /* Preview Assets.xcassets in Resources */,
				F857446128531C240012346A /* File8 in Resources */,
				AE9A45282852288900683CCF /* Assets.xcassets in Resources */,
				F8EB5D72285720190058C1D0 /* SeoulHangangM.ttf in Resources */,
				F857444928531B000012346A /* File2 in Resources */,
				F8EB5D7D285723460058C1D0 /* Kyobo Handwriting 2019.otf in Resources */,
				F857447328531CB20012346A /* File11 in Resources */,
			);
			runOnlyForDeploymentPostprocessing = 0;
		};
/* End PBXResourcesBuildPhase section */

/* Begin PBXShellScriptBuildPhase section */
		AE9A4531285229F100683CCF /* ShellScript */ = {
			isa = PBXShellScriptBuildPhase;
			buildActionMask = 2147483647;
			files = (
			);
			inputFileListPaths = (
			);
			inputPaths = (
			);
			outputFileListPaths = (
			);
			outputPaths = (
			);
			runOnlyForDeploymentPostprocessing = 0;
			shellPath = /bin/sh;
			shellScript = "export PATH=\"$PATH:/opt/homebrew/bin\"\nif which swiftlint > /dev/null; then\n  swiftlint\nelse\n  echo \"warning: SwiftLint not installed, download from https://github.com/realm/SwiftLint\"\nfi\n";
		};
/* End PBXShellScriptBuildPhase section */

/* Begin PBXSourcesBuildPhase section */
		26205FE5285445B300ED79C8 /* Sources */ = {
			isa = PBXSourcesBuildPhase;
			buildActionMask = 2147483647;
			files = (
				AE9A45372853307600683CCF /* MapView.swift in Sources */,
				AE75CF3A2856D20D0052CD3E /* ImageLiteral.swift in Sources */,
				26205FE6285445D500ED79C8 /* HiddenObject.swift in Sources */,
				26205FE7285445D500ED79C8 /* HiddenObjectData.swift in Sources */,
				AE893CE028583A2E00EE00B3 /* Chapter.swift in Sources */,
				26205FEC285445D500ED79C8 /* Color+Extension.swift in Sources */,
				5959E5F228549EAA00F39D9F /* EpilogueThree.swift in Sources */,
				26205FED285445D500ED79C8 /* ContinueButton.swift in Sources */,
				26205FEE285445D500ED79C8 /* ReplayButton.swift in Sources */,
				AE893CE228583A8300EE00B3 /* ChapterProgress.swift in Sources */,
				26205FEF285445D500ED79C8 /* ExitButton.swift in Sources */,
				26205FF0285445D500ED79C8 /* StoryPopup.swift in Sources */,
				F85744932854A9BB0012346A /* YesButton.swift in Sources */,
				7E4405362855C572009DF58B /* ObjectsToFindEachView.swift in Sources */,
				26205FF1285445D500ED79C8 /* PauseButtonStyle.swift in Sources */,
				262060222855BDBA00ED79C8 /* IntroTwoView.swift in Sources */,
				26205FF2285445D500ED79C8 /* PauseEncounter.swift in Sources */,
				AE75CF382856D1840052CD3E /* View+isHidden.swift in Sources */,
				26205FFE285445D500ED79C8 /* ObjectsToFindView.swift in Sources */,
				AE893CDE285839FC00EE00B3 /* ChapterPopUpView.swift in Sources */,
				26205FFF285445D500ED79C8 /* ObjectsHiddenView.swift in Sources */,
				2620601E28559E8000ED79C8 /* IntroView.swift in Sources */,
				F857449128549BFB0012346A /* MapPopup.swift in Sources */,
				262060242855BDC500ED79C8 /* IntroThreeView.swift in Sources */,
				F85744952854A9EC0012346A /* NoButton.swift in Sources */,
				26205FFE285445D500ED79C8 /* ObjectsToFindView.swift in Sources */,
				7E4405382855E048009DF58B /* TrashView.swift in Sources */,
				26205FFF285445D500ED79C8 /* ObjectsHiddenView.swift in Sources */,
				26206000285445D500ED79C8 /* HiddenObjGameView.swift in Sources */,
				2620601128549ADB00ED79C8 /* StoryView.swift in Sources */,
				262060172855056F00ED79C8 /* ChapterTwoStoryView.swift in Sources */,
				2620601328549E0C00ED79C8 /* ChapterOneStoryView.swift in Sources */,
				AE9A45262852288800683CCF /* LaunchScreenView.swift in Sources */,
				262060262855BDCC00ED79C8 /* IntroFourView.swift in Sources */,
				2620601528549E5200ED79C8 /* StoryDataModel.swift in Sources */,
				15C16016285598DA002BA1F8 /* TouchLocatingView.swift in Sources */,
				262060192855088200ED79C8 /* ChapterThreeStoryView.swift in Sources */,
				AE9A45242852288800683CCF /* EcoTalesApp.swift in Sources */,
				262060202855A04C00ED79C8 /* IntroOneView.swift in Sources */,
			);
			runOnlyForDeploymentPostprocessing = 0;
		};
/* End PBXSourcesBuildPhase section */

/* Begin XCBuildConfiguration section */
		AE9A452C2852288900683CCF /* Debug */ = {
			isa = XCBuildConfiguration;
			buildSettings = {
				ALWAYS_SEARCH_USER_PATHS = NO;
				CLANG_ANALYZER_NONNULL = YES;
				CLANG_ANALYZER_NUMBER_OBJECT_CONVERSION = YES_AGGRESSIVE;
				CLANG_CXX_LANGUAGE_STANDARD = "gnu++17";
				CLANG_ENABLE_MODULES = YES;
				CLANG_ENABLE_OBJC_ARC = YES;
				CLANG_ENABLE_OBJC_WEAK = YES;
				CLANG_WARN_BLOCK_CAPTURE_AUTORELEASING = YES;
				CLANG_WARN_BOOL_CONVERSION = YES;
				CLANG_WARN_COMMA = YES;
				CLANG_WARN_CONSTANT_CONVERSION = YES;
				CLANG_WARN_DEPRECATED_OBJC_IMPLEMENTATIONS = YES;
				CLANG_WARN_DIRECT_OBJC_ISA_USAGE = YES_ERROR;
				CLANG_WARN_DOCUMENTATION_COMMENTS = YES;
				CLANG_WARN_EMPTY_BODY = YES;
				CLANG_WARN_ENUM_CONVERSION = YES;
				CLANG_WARN_INFINITE_RECURSION = YES;
				CLANG_WARN_INT_CONVERSION = YES;
				CLANG_WARN_NON_LITERAL_NULL_CONVERSION = YES;
				CLANG_WARN_OBJC_IMPLICIT_RETAIN_SELF = YES;
				CLANG_WARN_OBJC_LITERAL_CONVERSION = YES;
				CLANG_WARN_OBJC_ROOT_CLASS = YES_ERROR;
				CLANG_WARN_QUOTED_INCLUDE_IN_FRAMEWORK_HEADER = YES;
				CLANG_WARN_RANGE_LOOP_ANALYSIS = YES;
				CLANG_WARN_STRICT_PROTOTYPES = YES;
				CLANG_WARN_SUSPICIOUS_MOVE = YES;
				CLANG_WARN_UNGUARDED_AVAILABILITY = YES_AGGRESSIVE;
				CLANG_WARN_UNREACHABLE_CODE = YES;
				CLANG_WARN__DUPLICATE_METHOD_MATCH = YES;
				COPY_PHASE_STRIP = NO;
				DEBUG_INFORMATION_FORMAT = dwarf;
				ENABLE_STRICT_OBJC_MSGSEND = YES;
				ENABLE_TESTABILITY = YES;
				GCC_C_LANGUAGE_STANDARD = gnu11;
				GCC_DYNAMIC_NO_PIC = NO;
				GCC_NO_COMMON_BLOCKS = YES;
				GCC_OPTIMIZATION_LEVEL = 0;
				GCC_PREPROCESSOR_DEFINITIONS = (
					"DEBUG=1",
					"$(inherited)",
				);
				GCC_WARN_64_TO_32_BIT_CONVERSION = YES;
				GCC_WARN_ABOUT_RETURN_TYPE = YES_ERROR;
				GCC_WARN_UNDECLARED_SELECTOR = YES;
				GCC_WARN_UNINITIALIZED_AUTOS = YES_AGGRESSIVE;
				GCC_WARN_UNUSED_FUNCTION = YES;
				GCC_WARN_UNUSED_VARIABLE = YES;
				IPHONEOS_DEPLOYMENT_TARGET = 15.5;
				MTL_ENABLE_DEBUG_INFO = INCLUDE_SOURCE;
				MTL_FAST_MATH = YES;
				ONLY_ACTIVE_ARCH = YES;
				SDKROOT = iphoneos;
				SWIFT_ACTIVE_COMPILATION_CONDITIONS = DEBUG;
				SWIFT_OPTIMIZATION_LEVEL = "-Onone";
			};
			name = Debug;
		};
		AE9A452D2852288900683CCF /* Release */ = {
			isa = XCBuildConfiguration;
			buildSettings = {
				ALWAYS_SEARCH_USER_PATHS = NO;
				CLANG_ANALYZER_NONNULL = YES;
				CLANG_ANALYZER_NUMBER_OBJECT_CONVERSION = YES_AGGRESSIVE;
				CLANG_CXX_LANGUAGE_STANDARD = "gnu++17";
				CLANG_ENABLE_MODULES = YES;
				CLANG_ENABLE_OBJC_ARC = YES;
				CLANG_ENABLE_OBJC_WEAK = YES;
				CLANG_WARN_BLOCK_CAPTURE_AUTORELEASING = YES;
				CLANG_WARN_BOOL_CONVERSION = YES;
				CLANG_WARN_COMMA = YES;
				CLANG_WARN_CONSTANT_CONVERSION = YES;
				CLANG_WARN_DEPRECATED_OBJC_IMPLEMENTATIONS = YES;
				CLANG_WARN_DIRECT_OBJC_ISA_USAGE = YES_ERROR;
				CLANG_WARN_DOCUMENTATION_COMMENTS = YES;
				CLANG_WARN_EMPTY_BODY = YES;
				CLANG_WARN_ENUM_CONVERSION = YES;
				CLANG_WARN_INFINITE_RECURSION = YES;
				CLANG_WARN_INT_CONVERSION = YES;
				CLANG_WARN_NON_LITERAL_NULL_CONVERSION = YES;
				CLANG_WARN_OBJC_IMPLICIT_RETAIN_SELF = YES;
				CLANG_WARN_OBJC_LITERAL_CONVERSION = YES;
				CLANG_WARN_OBJC_ROOT_CLASS = YES_ERROR;
				CLANG_WARN_QUOTED_INCLUDE_IN_FRAMEWORK_HEADER = YES;
				CLANG_WARN_RANGE_LOOP_ANALYSIS = YES;
				CLANG_WARN_STRICT_PROTOTYPES = YES;
				CLANG_WARN_SUSPICIOUS_MOVE = YES;
				CLANG_WARN_UNGUARDED_AVAILABILITY = YES_AGGRESSIVE;
				CLANG_WARN_UNREACHABLE_CODE = YES;
				CLANG_WARN__DUPLICATE_METHOD_MATCH = YES;
				COPY_PHASE_STRIP = NO;
				DEBUG_INFORMATION_FORMAT = "dwarf-with-dsym";
				ENABLE_NS_ASSERTIONS = NO;
				ENABLE_STRICT_OBJC_MSGSEND = YES;
				GCC_C_LANGUAGE_STANDARD = gnu11;
				GCC_NO_COMMON_BLOCKS = YES;
				GCC_WARN_64_TO_32_BIT_CONVERSION = YES;
				GCC_WARN_ABOUT_RETURN_TYPE = YES_ERROR;
				GCC_WARN_UNDECLARED_SELECTOR = YES;
				GCC_WARN_UNINITIALIZED_AUTOS = YES_AGGRESSIVE;
				GCC_WARN_UNUSED_FUNCTION = YES;
				GCC_WARN_UNUSED_VARIABLE = YES;
				IPHONEOS_DEPLOYMENT_TARGET = 15.5;
				MTL_ENABLE_DEBUG_INFO = NO;
				MTL_FAST_MATH = YES;
				SDKROOT = iphoneos;
				SWIFT_COMPILATION_MODE = wholemodule;
				SWIFT_OPTIMIZATION_LEVEL = "-O";
				VALIDATE_PRODUCT = YES;
			};
			name = Release;
		};
		AE9A452F2852288900683CCF /* Debug */ = {
			isa = XCBuildConfiguration;
			buildSettings = {
				ASSETCATALOG_COMPILER_APPICON_NAME = AppIcon;
				ASSETCATALOG_COMPILER_GLOBAL_ACCENT_COLOR_NAME = AccentColor;
				CODE_SIGN_STYLE = Automatic;
				CURRENT_PROJECT_VERSION = 1;
				DEVELOPMENT_ASSET_PATHS = "\"EcoTales/Preview Content\"";
				DEVELOPMENT_TEAM = T79FMP6Q2L;
				ENABLE_PREVIEWS = YES;
				GENERATE_INFOPLIST_FILE = YES;
				INFOPLIST_FILE = EcoTales/Info.plist;
				INFOPLIST_KEY_UIApplicationSceneManifest_Generation = YES;
				INFOPLIST_KEY_UIApplicationSupportsIndirectInputEvents = YES;
				INFOPLIST_KEY_UILaunchScreen_Generation = YES;
				INFOPLIST_KEY_UISupportedInterfaceOrientations_iPad = "UIInterfaceOrientationLandscapeLeft UIInterfaceOrientationLandscapeRight";
				INFOPLIST_KEY_UISupportedInterfaceOrientations_iPhone = "UIInterfaceOrientationLandscapeLeft UIInterfaceOrientationLandscapeRight";
				LD_RUNPATH_SEARCH_PATHS = (
					"$(inherited)",
					"@executable_path/Frameworks",
				);
				MARKETING_VERSION = 1.0;
				PRODUCT_BUNDLE_IDENTIFIER = com.worldTree.EcoTales;
				PRODUCT_NAME = "$(TARGET_NAME)";
				SWIFT_EMIT_LOC_STRINGS = YES;
				SWIFT_VERSION = 5.0;
				TARGETED_DEVICE_FAMILY = "1,2";
			};
			name = Debug;
		};
		AE9A45302852288900683CCF /* Release */ = {
			isa = XCBuildConfiguration;
			buildSettings = {
				ASSETCATALOG_COMPILER_APPICON_NAME = AppIcon;
				ASSETCATALOG_COMPILER_GLOBAL_ACCENT_COLOR_NAME = AccentColor;
				CODE_SIGN_STYLE = Automatic;
				CURRENT_PROJECT_VERSION = 1;
				DEVELOPMENT_ASSET_PATHS = "\"EcoTales/Preview Content\"";
				DEVELOPMENT_TEAM = T79FMP6Q2L;
				ENABLE_PREVIEWS = YES;
				GENERATE_INFOPLIST_FILE = YES;
				INFOPLIST_FILE = EcoTales/Info.plist;
				INFOPLIST_KEY_UIApplicationSceneManifest_Generation = YES;
				INFOPLIST_KEY_UIApplicationSupportsIndirectInputEvents = YES;
				INFOPLIST_KEY_UILaunchScreen_Generation = YES;
				INFOPLIST_KEY_UISupportedInterfaceOrientations_iPad = "UIInterfaceOrientationLandscapeLeft UIInterfaceOrientationLandscapeRight";
				INFOPLIST_KEY_UISupportedInterfaceOrientations_iPhone = "UIInterfaceOrientationLandscapeLeft UIInterfaceOrientationLandscapeRight";
				LD_RUNPATH_SEARCH_PATHS = (
					"$(inherited)",
					"@executable_path/Frameworks",
				);
				MARKETING_VERSION = 1.0;
				PRODUCT_BUNDLE_IDENTIFIER = com.worldTree.EcoTales;
				PRODUCT_NAME = "$(TARGET_NAME)";
				SWIFT_EMIT_LOC_STRINGS = YES;
				SWIFT_VERSION = 5.0;
				TARGETED_DEVICE_FAMILY = "1,2";
			};
			name = Release;
		};
/* End XCBuildConfiguration section */

/* Begin XCConfigurationList section */
		AE9A451B2852288800683CCF /* Build configuration list for PBXProject "EcoTales" */ = {
			isa = XCConfigurationList;
			buildConfigurations = (
				AE9A452C2852288900683CCF /* Debug */,
				AE9A452D2852288900683CCF /* Release */,
			);
			defaultConfigurationIsVisible = 0;
			defaultConfigurationName = Release;
		};
		AE9A452E2852288900683CCF /* Build configuration list for PBXNativeTarget "EcoTales" */ = {
			isa = XCConfigurationList;
			buildConfigurations = (
				AE9A452F2852288900683CCF /* Debug */,
				AE9A45302852288900683CCF /* Release */,
			);
			defaultConfigurationIsVisible = 0;
			defaultConfigurationName = Release;
		};
/* End XCConfigurationList section */
	};
	rootObject = AE9A45182852288800683CCF /* Project object */;
}
