// !$*UTF8*$!
{
	archiveVersion = 1;
	classes = {
	};
	objectVersion = 55;
	objects = {

/* Begin PBXBuildFile section */
		AE9A45242852288800683CCF /* EcoTalesApp.swift in Sources */ = {isa = PBXBuildFile; fileRef = AE9A45232852288800683CCF /* EcoTalesApp.swift */; };
		AE9A45262852288800683CCF /* ContentView.swift in Sources */ = {isa = PBXBuildFile; fileRef = AE9A45252852288800683CCF /* ContentView.swift */; };
		AE9A45282852288900683CCF /* Assets.xcassets in Resources */ = {isa = PBXBuildFile; fileRef = AE9A45272852288900683CCF /* Assets.xcassets */; };
		AE9A452B2852288900683CCF /* Preview Assets.xcassets in Resources */ = {isa = PBXBuildFile; fileRef = AE9A452A2852288900683CCF /* Preview Assets.xcassets */; };
		AE9A453328522A3100683CCF /* .swiftlint.yml in Resources */ = {isa = PBXBuildFile; fileRef = AE9A453228522A3100683CCF /* .swiftlint.yml */; };
		F857443F28531A820012346A /* File in Resources */ = {isa = PBXBuildFile; fileRef = F857443E28531A820012346A /* File */; };
		F857444928531B000012346A /* File in Resources */ = {isa = PBXBuildFile; fileRef = F857444828531B000012346A /* File */; };
		F857444B28531B0C0012346A /* File in Resources */ = {isa = PBXBuildFile; fileRef = F857444A28531B0C0012346A /* File */; };
		F857444D28531B180012346A /* File in Resources */ = {isa = PBXBuildFile; fileRef = F857444C28531B180012346A /* File */; };
		F857444F28531B280012346A /* File in Resources */ = {isa = PBXBuildFile; fileRef = F857444E28531B280012346A /* File */; };
		F857445228531B560012346A /* File in Resources */ = {isa = PBXBuildFile; fileRef = F857445128531B560012346A /* File */; };
		F857445A28531BD10012346A /* File in Resources */ = {isa = PBXBuildFile; fileRef = F857445928531BD10012346A /* File */; };
		F857445F28531C1A0012346A /* File in Resources */ = {isa = PBXBuildFile; fileRef = F857445E28531C1A0012346A /* File */; };
		F857446128531C240012346A /* File in Resources */ = {isa = PBXBuildFile; fileRef = F857446028531C240012346A /* File */; };
		F857446F28531C9D0012346A /* File in Resources */ = {isa = PBXBuildFile; fileRef = F857446E28531C9D0012346A /* File */; };
		F857447128531CA60012346A /* File in Resources */ = {isa = PBXBuildFile; fileRef = F857447028531CA60012346A /* File */; };
		F857447328531CB20012346A /* File in Resources */ = {isa = PBXBuildFile; fileRef = F857447228531CB20012346A /* File */; };
		F857447628531CC30012346A /* File in Resources */ = {isa = PBXBuildFile; fileRef = F857447528531CC30012346A /* File */; };
		F857447828531CCA0012346A /* File in Resources */ = {isa = PBXBuildFile; fileRef = F857447728531CCA0012346A /* File */; };
		F857447A28531CD50012346A /* File in Resources */ = {isa = PBXBuildFile; fileRef = F857447928531CD50012346A /* File */; };
		F857447C28531CE20012346A /* File in Resources */ = {isa = PBXBuildFile; fileRef = F857447B28531CE20012346A /* File */; };
		F857447E28531CEE0012346A /* File in Resources */ = {isa = PBXBuildFile; fileRef = F857447D28531CEE0012346A /* File */; };
/* End PBXBuildFile section */

/* Begin PBXFileReference section */
		AE9A45202852288800683CCF /* EcoTales.app */ = {isa = PBXFileReference; explicitFileType = wrapper.application; includeInIndex = 0; path = EcoTales.app; sourceTree = BUILT_PRODUCTS_DIR; };
		AE9A45232852288800683CCF /* EcoTalesApp.swift */ = {isa = PBXFileReference; lastKnownFileType = sourcecode.swift; path = EcoTalesApp.swift; sourceTree = "<group>"; };
		AE9A45252852288800683CCF /* ContentView.swift */ = {isa = PBXFileReference; lastKnownFileType = sourcecode.swift; path = ContentView.swift; sourceTree = "<group>"; };
		AE9A45272852288900683CCF /* Assets.xcassets */ = {isa = PBXFileReference; lastKnownFileType = folder.assetcatalog; path = Assets.xcassets; sourceTree = "<group>"; };
		AE9A452A2852288900683CCF /* Preview Assets.xcassets */ = {isa = PBXFileReference; lastKnownFileType = folder.assetcatalog; path = "Preview Assets.xcassets"; sourceTree = "<group>"; };
		AE9A453228522A3100683CCF /* .swiftlint.yml */ = {isa = PBXFileReference; lastKnownFileType = text.yaml; path = .swiftlint.yml; sourceTree = "<group>"; };
		F857443E28531A820012346A /* File */ = {isa = PBXFileReference; lastKnownFileType = text; path = File; sourceTree = "<group>"; };
		F857444828531B000012346A /* File */ = {isa = PBXFileReference; lastKnownFileType = text; path = File; sourceTree = "<group>"; };
		F857444A28531B0C0012346A /* File */ = {isa = PBXFileReference; lastKnownFileType = text; path = File; sourceTree = "<group>"; };
		F857444C28531B180012346A /* File */ = {isa = PBXFileReference; lastKnownFileType = text; path = File; sourceTree = "<group>"; };
		F857444E28531B280012346A /* File */ = {isa = PBXFileReference; lastKnownFileType = text; path = File; sourceTree = "<group>"; };
		F857445128531B560012346A /* File */ = {isa = PBXFileReference; lastKnownFileType = text; path = File; sourceTree = "<group>"; };
		F857445928531BD10012346A /* File */ = {isa = PBXFileReference; lastKnownFileType = text; path = File; sourceTree = "<group>"; };
		F857445E28531C1A0012346A /* File */ = {isa = PBXFileReference; lastKnownFileType = text; path = File; sourceTree = "<group>"; };
		F857446028531C240012346A /* File */ = {isa = PBXFileReference; lastKnownFileType = text; path = File; sourceTree = "<group>"; };
		F857446E28531C9D0012346A /* File */ = {isa = PBXFileReference; lastKnownFileType = text; path = File; sourceTree = "<group>"; };
		F857447028531CA60012346A /* File */ = {isa = PBXFileReference; lastKnownFileType = text; path = File; sourceTree = "<group>"; };
		F857447228531CB20012346A /* File */ = {isa = PBXFileReference; lastKnownFileType = text; path = File; sourceTree = "<group>"; };
		F857447528531CC30012346A /* File */ = {isa = PBXFileReference; lastKnownFileType = text; path = File; sourceTree = "<group>"; };
		F857447728531CCA0012346A /* File */ = {isa = PBXFileReference; lastKnownFileType = text; path = File; sourceTree = "<group>"; };
		F857447928531CD50012346A /* File */ = {isa = PBXFileReference; lastKnownFileType = text; path = File; sourceTree = "<group>"; };
		F857447B28531CE20012346A /* File */ = {isa = PBXFileReference; lastKnownFileType = text; path = File; sourceTree = "<group>"; };
		F857447D28531CEE0012346A /* File */ = {isa = PBXFileReference; lastKnownFileType = text; path = File; sourceTree = "<group>"; };
/* End PBXFileReference section */

/* Begin PBXFrameworksBuildPhase section */
		AE9A451D2852288800683CCF /* Frameworks */ = {
			isa = PBXFrameworksBuildPhase;
			buildActionMask = 2147483647;
			files = (
			);
			runOnlyForDeploymentPostprocessing = 0;
		};
/* End PBXFrameworksBuildPhase section */

/* Begin PBXGroup section */
		AE9A45172852288800683CCF = {
			isa = PBXGroup;
			children = (
				AE9A453228522A3100683CCF /* .swiftlint.yml */,
				AE9A45222852288800683CCF /* EcoTales */,
				AE9A45212852288800683CCF /* Products */,
			);
			sourceTree = "<group>";
		};
		AE9A45212852288800683CCF /* Products */ = {
			isa = PBXGroup;
			children = (
				AE9A45202852288800683CCF /* EcoTales.app */,
			);
			name = Products;
			sourceTree = "<group>";
		};
		AE9A45222852288800683CCF /* EcoTales */ = {
			isa = PBXGroup;
			children = (
				F857443B28531A200012346A /* Models */,
				F857444128531A9F0012346A /* Global */,
				F857444228531AB60012346A /* Screens */,
				AE9A45232852288800683CCF /* EcoTalesApp.swift */,
				AE9A45252852288800683CCF /* ContentView.swift */,
				AE9A45292852288900683CCF /* Preview Content */,
			);
			path = EcoTales;
			sourceTree = "<group>";
		};
		AE9A45292852288900683CCF /* Preview Content */ = {
			isa = PBXGroup;
			children = (
				AE9A452A2852288900683CCF /* Preview Assets.xcassets */,
			);
			path = "Preview Content";
			sourceTree = "<group>";
		};
		F857443B28531A200012346A /* Models */ = {
			isa = PBXGroup;
			children = (
				F857443E28531A820012346A /* File */,
			);
			path = Models;
			sourceTree = "<group>";
		};
		F857444128531A9F0012346A /* Global */ = {
			isa = PBXGroup;
			children = (
				F857444728531AF30012346A /* Service */,
				F857444628531AEA0012346A /* Literal */,
				F857444528531AE00012346A /* Extension */,
				F857444428531AD30012346A /* UIComponent */,
				F857444328531AC70012346A /* Resource */,
			);
			path = Global;
			sourceTree = "<group>";
		};
		F857444228531AB60012346A /* Screens */ = {
			isa = PBXGroup;
			children = (
				F857445328531B730012346A /* LaunchScreen */,
				F857445428531B7F0012346A /* Intro */,
				F857445828531BB10012346A /* Chapter1 */,
				F857445728531BA20012346A /* Chapter2 */,
				F857445628531B960012346A /* Chapter3 */,
				F857445528531B8C0012346A /* Epilogue */,
			);
			path = Screens;
			sourceTree = "<group>";
		};
		F857444328531AC70012346A /* Resource */ = {
			isa = PBXGroup;
			children = (
				F857445028531B480012346A /* Font */,
				AE9A45272852288900683CCF /* Assets.xcassets */,
			);
			path = Resource;
			sourceTree = "<group>";
		};
		F857444428531AD30012346A /* UIComponent */ = {
			isa = PBXGroup;
			children = (
				F857444E28531B280012346A /* File */,
			);
			path = UIComponent;
			sourceTree = "<group>";
		};
		F857444528531AE00012346A /* Extension */ = {
			isa = PBXGroup;
			children = (
				F857444C28531B180012346A /* File */,
			);
			path = Extension;
			sourceTree = "<group>";
		};
		F857444628531AEA0012346A /* Literal */ = {
			isa = PBXGroup;
			children = (
				F857444A28531B0C0012346A /* File */,
			);
			path = Literal;
			sourceTree = "<group>";
		};
		F857444728531AF30012346A /* Service */ = {
			isa = PBXGroup;
			children = (
				F857444828531B000012346A /* File */,
			);
			path = Service;
			sourceTree = "<group>";
		};
		F857445028531B480012346A /* Font */ = {
			isa = PBXGroup;
			children = (
				F857445128531B560012346A /* File */,
			);
			path = Font;
			sourceTree = "<group>";
		};
		F857445328531B730012346A /* LaunchScreen */ = {
			isa = PBXGroup;
			children = (
				F857445928531BD10012346A /* File */,
			);
			path = LaunchScreen;
			sourceTree = "<group>";
		};
		F857445428531B7F0012346A /* Intro */ = {
			isa = PBXGroup;
			children = (
				F857445B28531BD80012346A /* ViewModels */,
				F857445C28531BE70012346A /* Views */,
			);
			path = Intro;
			sourceTree = "<group>";
		};
		F857445528531B8C0012346A /* Epilogue */ = {
			isa = PBXGroup;
			children = (
				F857446528531C460012346A /* ViewModels */,
				F857446928531C5F0012346A /* Views */,
			);
			path = Epilogue;
			sourceTree = "<group>";
		};
		F857445628531B960012346A /* Chapter3 */ = {
			isa = PBXGroup;
			children = (
				F857446428531C400012346A /* ViewModels */,
				F857446828531C5A0012346A /* Views */,
			);
			path = Chapter3;
			sourceTree = "<group>";
		};
		F857445728531BA20012346A /* Chapter2 */ = {
			isa = PBXGroup;
			children = (
				F857446328531C390012346A /* ViewModels */,
				F857446728531C560012346A /* Views */,
			);
			path = Chapter2;
			sourceTree = "<group>";
		};
		F857445828531BB10012346A /* Chapter1 */ = {
			isa = PBXGroup;
			children = (
				F857446228531C310012346A /* ViewModels */,
				F857446628531C500012346A /* Views */,
			);
			path = Chapter1;
			sourceTree = "<group>";
		};
		F857445B28531BD80012346A /* ViewModels */ = {
			isa = PBXGroup;
			children = (
				F857445E28531C1A0012346A /* File */,
			);
			path = ViewModels;
			sourceTree = "<group>";
		};
		F857445C28531BE70012346A /* Views */ = {
			isa = PBXGroup;
			children = (
				F857445D28531BF40012346A /* Component */,
			);
			path = Views;
			sourceTree = "<group>";
		};
		F857445D28531BF40012346A /* Component */ = {
			isa = PBXGroup;
			children = (
				F857446028531C240012346A /* File */,
			);
			path = Component;
			sourceTree = "<group>";
		};
		F857446228531C310012346A /* ViewModels */ = {
			isa = PBXGroup;
			children = (
				F857446E28531C9D0012346A /* File */,
			);
			path = ViewModels;
			sourceTree = "<group>";
		};
		F857446328531C390012346A /* ViewModels */ = {
			isa = PBXGroup;
			children = (
				F857447228531CB20012346A /* File */,
			);
			path = ViewModels;
			sourceTree = "<group>";
		};
		F857446428531C400012346A /* ViewModels */ = {
			isa = PBXGroup;
			children = (
				F857447728531CCA0012346A /* File */,
			);
			path = ViewModels;
			sourceTree = "<group>";
		};
		F857446528531C460012346A /* ViewModels */ = {
			isa = PBXGroup;
			children = (
				F857447B28531CE20012346A /* File */,
			);
			path = ViewModels;
			sourceTree = "<group>";
		};
		F857446628531C500012346A /* Views */ = {
			isa = PBXGroup;
			children = (
				F857446A28531C680012346A /* Component */,
			);
			path = Views;
			sourceTree = "<group>";
		};
		F857446728531C560012346A /* Views */ = {
			isa = PBXGroup;
			children = (
				F857446B28531C710012346A /* Component */,
			);
			path = Views;
			sourceTree = "<group>";
		};
		F857446828531C5A0012346A /* Views */ = {
			isa = PBXGroup;
			children = (
				F857446C28531C880012346A /* Component */,
			);
			path = Views;
			sourceTree = "<group>";
		};
		F857446928531C5F0012346A /* Views */ = {
			isa = PBXGroup;
			children = (
				F857446D28531C900012346A /* Component */,
			);
			path = Views;
			sourceTree = "<group>";
		};
		F857446A28531C680012346A /* Component */ = {
			isa = PBXGroup;
			children = (
				F857447028531CA60012346A /* File */,
			);
			path = Component;
			sourceTree = "<group>";
		};
		F857446B28531C710012346A /* Component */ = {
			isa = PBXGroup;
			children = (
				F857447528531CC30012346A /* File */,
			);
			path = Component;
			sourceTree = "<group>";
		};
		F857446C28531C880012346A /* Component */ = {
			isa = PBXGroup;
			children = (
				F857447928531CD50012346A /* File */,
			);
			path = Component;
			sourceTree = "<group>";
		};
		F857446D28531C900012346A /* Component */ = {
			isa = PBXGroup;
			children = (
				F857447D28531CEE0012346A /* File */,
			);
			path = Component;
			sourceTree = "<group>";
		};
/* End PBXGroup section */

/* Begin PBXNativeTarget section */
		AE9A451F2852288800683CCF /* EcoTales */ = {
			isa = PBXNativeTarget;
			buildConfigurationList = AE9A452E2852288900683CCF /* Build configuration list for PBXNativeTarget "EcoTales" */;
			buildPhases = (
				AE9A451C2852288800683CCF /* Sources */,
				AE9A451D2852288800683CCF /* Frameworks */,
				AE9A451E2852288800683CCF /* Resources */,
				AE9A4531285229F100683CCF /* ShellScript */,
			);
			buildRules = (
			);
			dependencies = (
			);
			name = EcoTales;
			productName = EcoTales;
			productReference = AE9A45202852288800683CCF /* EcoTales.app */;
			productType = "com.apple.product-type.application";
		};
/* End PBXNativeTarget section */

/* Begin PBXProject section */
		AE9A45182852288800683CCF /* Project object */ = {
			isa = PBXProject;
			attributes = {
				BuildIndependentTargetsInParallel = 1;
				LastSwiftUpdateCheck = 1340;
				LastUpgradeCheck = 1340;
				TargetAttributes = {
					AE9A451F2852288800683CCF = {
						CreatedOnToolsVersion = 13.4;
					};
				};
			};
			buildConfigurationList = AE9A451B2852288800683CCF /* Build configuration list for PBXProject "EcoTales" */;
			compatibilityVersion = "Xcode 13.0";
			developmentRegion = en;
			hasScannedForEncodings = 0;
			knownRegions = (
				en,
				Base,
			);
			mainGroup = AE9A45172852288800683CCF;
			productRefGroup = AE9A45212852288800683CCF /* Products */;
			projectDirPath = "";
			projectRoot = "";
			targets = (
				AE9A451F2852288800683CCF /* EcoTales */,
			);
		};
/* End PBXProject section */

/* Begin PBXResourcesBuildPhase section */
		AE9A451E2852288800683CCF /* Resources */ = {
			isa = PBXResourcesBuildPhase;
			buildActionMask = 2147483647;
			files = (
				F857447C28531CE20012346A /* File in Resources */,
				F857447828531CCA0012346A /* File in Resources */,
				F857443F28531A820012346A /* File in Resources */,
				AE9A453328522A3100683CCF /* .swiftlint.yml in Resources */,
				F857447E28531CEE0012346A /* File in Resources */,
				F857447128531CA60012346A /* File in Resources */,
				F857444D28531B180012346A /* File in Resources */,
				F857447628531CC30012346A /* File in Resources */,
				F857446F28531C9D0012346A /* File in Resources */,
				F857444B28531B0C0012346A /* File in Resources */,
				F857447A28531CD50012346A /* File in Resources */,
				F857445A28531BD10012346A /* File in Resources */,
				F857444F28531B280012346A /* File in Resources */,
				F857445F28531C1A0012346A /* File in Resources */,
				AE9A452B2852288900683CCF /* Preview Assets.xcassets in Resources */,
				F857446128531C240012346A /* File in Resources */,
				AE9A45282852288900683CCF /* Assets.xcassets in Resources */,
				F857444928531B000012346A /* File in Resources */,
				F857445228531B560012346A /* File in Resources */,
				F857447328531CB20012346A /* File in Resources */,
			);
			runOnlyForDeploymentPostprocessing = 0;
		};
/* End PBXResourcesBuildPhase section */

/* Begin PBXShellScriptBuildPhase section */
		AE9A4531285229F100683CCF /* ShellScript */ = {
			isa = PBXShellScriptBuildPhase;
			buildActionMask = 2147483647;
			files = (
			);
			inputFileListPaths = (
			);
			inputPaths = (
			);
			outputFileListPaths = (
			);
			outputPaths = (
			);
			runOnlyForDeploymentPostprocessing = 0;
			shellPath = /bin/sh;
			shellScript = "export PATH=\"$PATH:/opt/homebrew/bin\"\nif which swiftlint > /dev/null; then\n  swiftlint\nelse\n  echo \"warning: SwiftLint not installed, download from https://github.com/realm/SwiftLint\"\nfi\n";
		};
/* End PBXShellScriptBuildPhase section */

/* Begin PBXSourcesBuildPhase section */
		AE9A451C2852288800683CCF /* Sources */ = {
			isa = PBXSourcesBuildPhase;
			buildActionMask = 2147483647;
			files = (
				AE9A45262852288800683CCF /* ContentView.swift in Sources */,
				AE9A45242852288800683CCF /* EcoTalesApp.swift in Sources */,
			);
			runOnlyForDeploymentPostprocessing = 0;
		};
/* End PBXSourcesBuildPhase section */

/* Begin XCBuildConfiguration section */
		AE9A452C2852288900683CCF /* Debug */ = {
			isa = XCBuildConfiguration;
			buildSettings = {
				ALWAYS_SEARCH_USER_PATHS = NO;
				CLANG_ANALYZER_NONNULL = YES;
				CLANG_ANALYZER_NUMBER_OBJECT_CONVERSION = YES_AGGRESSIVE;
				CLANG_CXX_LANGUAGE_STANDARD = "gnu++17";
				CLANG_ENABLE_MODULES = YES;
				CLANG_ENABLE_OBJC_ARC = YES;
				CLANG_ENABLE_OBJC_WEAK = YES;
				CLANG_WARN_BLOCK_CAPTURE_AUTORELEASING = YES;
				CLANG_WARN_BOOL_CONVERSION = YES;
				CLANG_WARN_COMMA = YES;
				CLANG_WARN_CONSTANT_CONVERSION = YES;
				CLANG_WARN_DEPRECATED_OBJC_IMPLEMENTATIONS = YES;
				CLANG_WARN_DIRECT_OBJC_ISA_USAGE = YES_ERROR;
				CLANG_WARN_DOCUMENTATION_COMMENTS = YES;
				CLANG_WARN_EMPTY_BODY = YES;
				CLANG_WARN_ENUM_CONVERSION = YES;
				CLANG_WARN_INFINITE_RECURSION = YES;
				CLANG_WARN_INT_CONVERSION = YES;
				CLANG_WARN_NON_LITERAL_NULL_CONVERSION = YES;
				CLANG_WARN_OBJC_IMPLICIT_RETAIN_SELF = YES;
				CLANG_WARN_OBJC_LITERAL_CONVERSION = YES;
				CLANG_WARN_OBJC_ROOT_CLASS = YES_ERROR;
				CLANG_WARN_QUOTED_INCLUDE_IN_FRAMEWORK_HEADER = YES;
				CLANG_WARN_RANGE_LOOP_ANALYSIS = YES;
				CLANG_WARN_STRICT_PROTOTYPES = YES;
				CLANG_WARN_SUSPICIOUS_MOVE = YES;
				CLANG_WARN_UNGUARDED_AVAILABILITY = YES_AGGRESSIVE;
				CLANG_WARN_UNREACHABLE_CODE = YES;
				CLANG_WARN__DUPLICATE_METHOD_MATCH = YES;
				COPY_PHASE_STRIP = NO;
				DEBUG_INFORMATION_FORMAT = dwarf;
				ENABLE_STRICT_OBJC_MSGSEND = YES;
				ENABLE_TESTABILITY = YES;
				GCC_C_LANGUAGE_STANDARD = gnu11;
				GCC_DYNAMIC_NO_PIC = NO;
				GCC_NO_COMMON_BLOCKS = YES;
				GCC_OPTIMIZATION_LEVEL = 0;
				GCC_PREPROCESSOR_DEFINITIONS = (
					"DEBUG=1",
					"$(inherited)",
				);
				GCC_WARN_64_TO_32_BIT_CONVERSION = YES;
				GCC_WARN_ABOUT_RETURN_TYPE = YES_ERROR;
				GCC_WARN_UNDECLARED_SELECTOR = YES;
				GCC_WARN_UNINITIALIZED_AUTOS = YES_AGGRESSIVE;
				GCC_WARN_UNUSED_FUNCTION = YES;
				GCC_WARN_UNUSED_VARIABLE = YES;
				IPHONEOS_DEPLOYMENT_TARGET = 15.5;
				MTL_ENABLE_DEBUG_INFO = INCLUDE_SOURCE;
				MTL_FAST_MATH = YES;
				ONLY_ACTIVE_ARCH = YES;
				SDKROOT = iphoneos;
				SWIFT_ACTIVE_COMPILATION_CONDITIONS = DEBUG;
				SWIFT_OPTIMIZATION_LEVEL = "-Onone";
			};
			name = Debug;
		};
		AE9A452D2852288900683CCF /* Release */ = {
			isa = XCBuildConfiguration;
			buildSettings = {
				ALWAYS_SEARCH_USER_PATHS = NO;
				CLANG_ANALYZER_NONNULL = YES;
				CLANG_ANALYZER_NUMBER_OBJECT_CONVERSION = YES_AGGRESSIVE;
				CLANG_CXX_LANGUAGE_STANDARD = "gnu++17";
				CLANG_ENABLE_MODULES = YES;
				CLANG_ENABLE_OBJC_ARC = YES;
				CLANG_ENABLE_OBJC_WEAK = YES;
				CLANG_WARN_BLOCK_CAPTURE_AUTORELEASING = YES;
				CLANG_WARN_BOOL_CONVERSION = YES;
				CLANG_WARN_COMMA = YES;
				CLANG_WARN_CONSTANT_CONVERSION = YES;
				CLANG_WARN_DEPRECATED_OBJC_IMPLEMENTATIONS = YES;
				CLANG_WARN_DIRECT_OBJC_ISA_USAGE = YES_ERROR;
				CLANG_WARN_DOCUMENTATION_COMMENTS = YES;
				CLANG_WARN_EMPTY_BODY = YES;
				CLANG_WARN_ENUM_CONVERSION = YES;
				CLANG_WARN_INFINITE_RECURSION = YES;
				CLANG_WARN_INT_CONVERSION = YES;
				CLANG_WARN_NON_LITERAL_NULL_CONVERSION = YES;
				CLANG_WARN_OBJC_IMPLICIT_RETAIN_SELF = YES;
				CLANG_WARN_OBJC_LITERAL_CONVERSION = YES;
				CLANG_WARN_OBJC_ROOT_CLASS = YES_ERROR;
				CLANG_WARN_QUOTED_INCLUDE_IN_FRAMEWORK_HEADER = YES;
				CLANG_WARN_RANGE_LOOP_ANALYSIS = YES;
				CLANG_WARN_STRICT_PROTOTYPES = YES;
				CLANG_WARN_SUSPICIOUS_MOVE = YES;
				CLANG_WARN_UNGUARDED_AVAILABILITY = YES_AGGRESSIVE;
				CLANG_WARN_UNREACHABLE_CODE = YES;
				CLANG_WARN__DUPLICATE_METHOD_MATCH = YES;
				COPY_PHASE_STRIP = NO;
				DEBUG_INFORMATION_FORMAT = "dwarf-with-dsym";
				ENABLE_NS_ASSERTIONS = NO;
				ENABLE_STRICT_OBJC_MSGSEND = YES;
				GCC_C_LANGUAGE_STANDARD = gnu11;
				GCC_NO_COMMON_BLOCKS = YES;
				GCC_WARN_64_TO_32_BIT_CONVERSION = YES;
				GCC_WARN_ABOUT_RETURN_TYPE = YES_ERROR;
				GCC_WARN_UNDECLARED_SELECTOR = YES;
				GCC_WARN_UNINITIALIZED_AUTOS = YES_AGGRESSIVE;
				GCC_WARN_UNUSED_FUNCTION = YES;
				GCC_WARN_UNUSED_VARIABLE = YES;
				IPHONEOS_DEPLOYMENT_TARGET = 15.5;
				MTL_ENABLE_DEBUG_INFO = NO;
				MTL_FAST_MATH = YES;
				SDKROOT = iphoneos;
				SWIFT_COMPILATION_MODE = wholemodule;
				SWIFT_OPTIMIZATION_LEVEL = "-O";
				VALIDATE_PRODUCT = YES;
			};
			name = Release;
		};
		AE9A452F2852288900683CCF /* Debug */ = {
			isa = XCBuildConfiguration;
			buildSettings = {
				ASSETCATALOG_COMPILER_APPICON_NAME = AppIcon;
				ASSETCATALOG_COMPILER_GLOBAL_ACCENT_COLOR_NAME = AccentColor;
				CODE_SIGN_STYLE = Automatic;
				CURRENT_PROJECT_VERSION = 1;
				DEVELOPMENT_ASSET_PATHS = "\"EcoTales/Preview Content\"";
				DEVELOPMENT_TEAM = T79FMP6Q2L;
				ENABLE_PREVIEWS = YES;
				GENERATE_INFOPLIST_FILE = YES;
				INFOPLIST_KEY_UIApplicationSceneManifest_Generation = YES;
				INFOPLIST_KEY_UIApplicationSupportsIndirectInputEvents = YES;
				INFOPLIST_KEY_UILaunchScreen_Generation = YES;
				INFOPLIST_KEY_UISupportedInterfaceOrientations_iPad = "UIInterfaceOrientationLandscapeLeft UIInterfaceOrientationLandscapeRight";
				INFOPLIST_KEY_UISupportedInterfaceOrientations_iPhone = "UIInterfaceOrientationLandscapeLeft UIInterfaceOrientationLandscapeRight";
				LD_RUNPATH_SEARCH_PATHS = (
					"$(inherited)",
					"@executable_path/Frameworks",
				);
				MARKETING_VERSION = 1.0;
				PRODUCT_BUNDLE_IDENTIFIER = com.worldTree.EcoTales;
				PRODUCT_NAME = "$(TARGET_NAME)";
				SWIFT_EMIT_LOC_STRINGS = YES;
				SWIFT_VERSION = 5.0;
				TARGETED_DEVICE_FAMILY = "1,2";
			};
			name = Debug;
		};
		AE9A45302852288900683CCF /* Release */ = {
			isa = XCBuildConfiguration;
			buildSettings = {
				ASSETCATALOG_COMPILER_APPICON_NAME = AppIcon;
				ASSETCATALOG_COMPILER_GLOBAL_ACCENT_COLOR_NAME = AccentColor;
				CODE_SIGN_STYLE = Automatic;
				CURRENT_PROJECT_VERSION = 1;
				DEVELOPMENT_ASSET_PATHS = "\"EcoTales/Preview Content\"";
				DEVELOPMENT_TEAM = T79FMP6Q2L;
				ENABLE_PREVIEWS = YES;
				GENERATE_INFOPLIST_FILE = YES;
				INFOPLIST_KEY_UIApplicationSceneManifest_Generation = YES;
				INFOPLIST_KEY_UIApplicationSupportsIndirectInputEvents = YES;
				INFOPLIST_KEY_UILaunchScreen_Generation = YES;
				INFOPLIST_KEY_UISupportedInterfaceOrientations_iPad = "UIInterfaceOrientationLandscapeLeft UIInterfaceOrientationLandscapeRight";
				INFOPLIST_KEY_UISupportedInterfaceOrientations_iPhone = "UIInterfaceOrientationLandscapeLeft UIInterfaceOrientationLandscapeRight";
				LD_RUNPATH_SEARCH_PATHS = (
					"$(inherited)",
					"@executable_path/Frameworks",
				);
				MARKETING_VERSION = 1.0;
				PRODUCT_BUNDLE_IDENTIFIER = com.worldTree.EcoTales;
				PRODUCT_NAME = "$(TARGET_NAME)";
				SWIFT_EMIT_LOC_STRINGS = YES;
				SWIFT_VERSION = 5.0;
				TARGETED_DEVICE_FAMILY = "1,2";
			};
			name = Release;
		};
/* End XCBuildConfiguration section */

/* Begin XCConfigurationList section */
		AE9A451B2852288800683CCF /* Build configuration list for PBXProject "EcoTales" */ = {
			isa = XCConfigurationList;
			buildConfigurations = (
				AE9A452C2852288900683CCF /* Debug */,
				AE9A452D2852288900683CCF /* Release */,
			);
			defaultConfigurationIsVisible = 0;
			defaultConfigurationName = Release;
		};
		AE9A452E2852288900683CCF /* Build configuration list for PBXNativeTarget "EcoTales" */ = {
			isa = XCConfigurationList;
			buildConfigurations = (
				AE9A452F2852288900683CCF /* Debug */,
				AE9A45302852288900683CCF /* Release */,
			);
			defaultConfigurationIsVisible = 0;
			defaultConfigurationName = Release;
		};
/* End XCConfigurationList section */
	};
	rootObject = AE9A45182852288800683CCF /* Project object */;
}
